
Microsoft Visual Studio Solution File, Format Version 12.00
# Visual Studio Version 17
VisualStudioVersion = 17.7.34024.191
MinimumVisualStudioVersion = 10.0.40219.1
Project("{FAE04EC0-301F-11D3-BF4B-00C04F79EFBC}") = "Heranca", "Heranca\Heranca.csproj", "{7A757030-1891-4CF2-8DA5-DAD9F70D91BA}"
EndProject
Global
	GlobalSection(SolutionConfigurationPlatforms) = preSolution
		Debug|Any CPU = Debug|Any CPU
		Release|Any CPU = Release|Any CPU
	EndGlobalSection
	GlobalSection(ProjectConfigurationPlatforms) = postSolution
		{7A757030-1891-4CF2-8DA5-DAD9F70D91BA}.Debug|Any CPU.ActiveCfg = Debug|Any CPU
		{7A757030-1891-4CF2-8DA5-DAD9F70D91BA}.Debug|Any CPU.Build.0 = Debug|Any CPU
		{7A757030-1891-4CF2-8DA5-DAD9F70D91BA}.Release|Any CPU.ActiveCfg = Release|Any CPU
		{7A757030-1891-4CF2-8DA5-DAD9F70D91BA}.Release|Any CPU.Build.0 = Release|Any CPU
	EndGlobalSection
	GlobalSection(SolutionProperties) = preSolution
		HideSolutionNode = FALSE
	EndGlobalSection
	GlobalSection(ExtensibilityGlobals) = postSolution
		SolutionGuid = {BA28E08A-B0F6-4642-9984-7260505FE98C}
	EndGlobalSection
EndGlobal
